
Microsoft Visual Studio Solution File, Format Version 12.00
# Visual Studio Version 17
VisualStudioVersion = 17.0.32112.339
MinimumVisualStudioVersion = 10.0.40219.1
Project("{9A19103F-16F7-4668-BE54-9A1E7A4F7556}") = "CourseWEB", "CourseWEB.csproj", "{CCE8F00D-398E-4C83-809D-5E46A7007831}"
EndProject
Global
	GlobalSection(SolutionConfigurationPlatforms) = preSolution
		Debug|Any CPU = Debug|Any CPU
		Release|Any CPU = Release|Any CPU
	EndGlobalSection
	GlobalSection(ProjectConfigurationPlatforms) = postSolution
		{CCE8F00D-398E-4C83-809D-5E46A7007831}.Debug|Any CPU.ActiveCfg = Debug|Any CPU
		{CCE8F00D-398E-4C83-809D-5E46A7007831}.Debug|Any CPU.Build.0 = Debug|Any CPU
		{CCE8F00D-398E-4C83-809D-5E46A7007831}.Release|Any CPU.ActiveCfg = Release|Any CPU
		{CCE8F00D-398E-4C83-809D-5E46A7007831}.Release|Any CPU.Build.0 = Release|Any CPU
	EndGlobalSection
	GlobalSection(SolutionProperties) = preSolution
		HideSolutionNode = FALSE
	EndGlobalSection
	GlobalSection(ExtensibilityGlobals) = postSolution
		SolutionGuid = {F6B9FF2A-C603-4084-8760-CDF0B4F09970}
	EndGlobalSection
EndGlobal
